// !$*UTF8*$!
{
	archiveVersion = 1;
	classes = {
	};
	objectVersion = 46;
	objects = {

/* Begin PBXBuildFile section */
		DA8580FA1E4134570055134E /* AppDelegate.swift in Sources */ = {isa = PBXBuildFile; fileRef = DA8580F91E4134570055134E /* AppDelegate.swift */; };
		DA8580FC1E4134570055134E /* ViewController.swift in Sources */ = {isa = PBXBuildFile; fileRef = DA8580FB1E4134570055134E /* ViewController.swift */; };
		DA8580FF1E4134570055134E /* Main.storyboard in Resources */ = {isa = PBXBuildFile; fileRef = DA8580FD1E4134570055134E /* Main.storyboard */; };
		DA8581021E4134570055134E /* MyCompanion.xcdatamodeld in Sources */ = {isa = PBXBuildFile; fileRef = DA8581001E4134570055134E /* MyCompanion.xcdatamodeld */; };
		DA8581041E4134570055134E /* Assets.xcassets in Resources */ = {isa = PBXBuildFile; fileRef = DA8581031E4134570055134E /* Assets.xcassets */; };
		DA8581071E4134570055134E /* LaunchScreen.storyboard in Resources */ = {isa = PBXBuildFile; fileRef = DA8581051E4134570055134E /* LaunchScreen.storyboard */; };
		DA8581121E4134570055134E /* MyCompanionTests.swift in Sources */ = {isa = PBXBuildFile; fileRef = DA8581111E4134570055134E /* MyCompanionTests.swift */; };
		DA85811D1E4134570055134E /* MyCompanionUITests.swift in Sources */ = {isa = PBXBuildFile; fileRef = DA85811C1E4134570055134E /* MyCompanionUITests.swift */; };
/* End PBXBuildFile section */

/* Begin PBXContainerItemProxy section */
		DA85810E1E4134570055134E /* PBXContainerItemProxy */ = {
			isa = PBXContainerItemProxy;
			containerPortal = DA8580EE1E4134560055134E /* Project object */;
			proxyType = 1;
			remoteGlobalIDString = DA8580F51E4134560055134E;
			remoteInfo = MyCompanion;
		};
		DA8581191E4134570055134E /* PBXContainerItemProxy */ = {
			isa = PBXContainerItemProxy;
			containerPortal = DA8580EE1E4134560055134E /* Project object */;
			proxyType = 1;
			remoteGlobalIDString = DA8580F51E4134560055134E;
			remoteInfo = MyCompanion;
		};
/* End PBXContainerItemProxy section */

/* Begin PBXFileReference section */
		DA8580F61E4134570055134E /* MyCompanion.app */ = {isa = PBXFileReference; explicitFileType = wrapper.application; includeInIndex = 0; path = MyCompanion.app; sourceTree = BUILT_PRODUCTS_DIR; };
		DA8580F91E4134570055134E /* AppDelegate.swift */ = {isa = PBXFileReference; lastKnownFileType = sourcecode.swift; path = AppDelegate.swift; sourceTree = "<group>"; };
		DA8580FB1E4134570055134E /* ViewController.swift */ = {isa = PBXFileReference; lastKnownFileType = sourcecode.swift; path = ViewController.swift; sourceTree = "<group>"; };
		DA8580FE1E4134570055134E /* Base */ = {isa = PBXFileReference; lastKnownFileType = file.storyboard; name = Base; path = Base.lproj/Main.storyboard; sourceTree = "<group>"; };
		DA8581011E4134570055134E /* MyCompanion.xcdatamodel */ = {isa = PBXFileReference; lastKnownFileType = wrapper.xcdatamodel; path = MyCompanion.xcdatamodel; sourceTree = "<group>"; };
		DA8581031E4134570055134E /* Assets.xcassets */ = {isa = PBXFileReference; lastKnownFileType = folder.assetcatalog; path = Assets.xcassets; sourceTree = "<group>"; };
		DA8581061E4134570055134E /* Base */ = {isa = PBXFileReference; lastKnownFileType = file.storyboard; name = Base; path = Base.lproj/LaunchScreen.storyboard; sourceTree = "<group>"; };
		DA8581081E4134570055134E /* Info.plist */ = {isa = PBXFileReference; lastKnownFileType = text.plist.xml; path = Info.plist; sourceTree = "<group>"; };
		DA85810D1E4134570055134E /* MyCompanionTests.xctest */ = {isa = PBXFileReference; explicitFileType = wrapper.cfbundle; includeInIndex = 0; path = MyCompanionTests.xctest; sourceTree = BUILT_PRODUCTS_DIR; };
		DA8581111E4134570055134E /* MyCompanionTests.swift */ = {isa = PBXFileReference; lastKnownFileType = sourcecode.swift; path = MyCompanionTests.swift; sourceTree = "<group>"; };
		DA8581131E4134570055134E /* Info.plist */ = {isa = PBXFileReference; lastKnownFileType = text.plist.xml; path = Info.plist; sourceTree = "<group>"; };
		DA8581181E4134570055134E /* MyCompanionUITests.xctest */ = {isa = PBXFileReference; explicitFileType = wrapper.cfbundle; includeInIndex = 0; path = MyCompanionUITests.xctest; sourceTree = BUILT_PRODUCTS_DIR; };
		DA85811C1E4134570055134E /* MyCompanionUITests.swift */ = {isa = PBXFileReference; lastKnownFileType = sourcecode.swift; path = MyCompanionUITests.swift; sourceTree = "<group>"; };
		DA85811E1E4134570055134E /* Info.plist */ = {isa = PBXFileReference; lastKnownFileType = text.plist.xml; path = Info.plist; sourceTree = "<group>"; };
/* End PBXFileReference section */

/* Begin PBXFrameworksBuildPhase section */
		DA8580F31E4134560055134E /* Frameworks */ = {
			isa = PBXFrameworksBuildPhase;
			buildActionMask = 2147483647;
			files = (
			);
			runOnlyForDeploymentPostprocessing = 0;
		};
		DA85810A1E4134570055134E /* Frameworks */ = {
			isa = PBXFrameworksBuildPhase;
			buildActionMask = 2147483647;
			files = (
			);
			runOnlyForDeploymentPostprocessing = 0;
		};
		DA8581151E4134570055134E /* Frameworks */ = {
			isa = PBXFrameworksBuildPhase;
			buildActionMask = 2147483647;
			files = (
			);
			runOnlyForDeploymentPostprocessing = 0;
		};
/* End PBXFrameworksBuildPhase section */

/* Begin PBXGroup section */
		DA8580ED1E4134560055134E = {
			isa = PBXGroup;
			children = (
				DA8580F81E4134570055134E /* MyCompanion */,
				DA8581101E4134570055134E /* MyCompanionTests */,
				DA85811B1E4134570055134E /* MyCompanionUITests */,
				DA8580F71E4134570055134E /* Products */,
			);
			sourceTree = "<group>";
		};
		DA8580F71E4134570055134E /* Products */ = {
			isa = PBXGroup;
			children = (
				DA8580F61E4134570055134E /* MyCompanion.app */,
				DA85810D1E4134570055134E /* MyCompanionTests.xctest */,
				DA8581181E4134570055134E /* MyCompanionUITests.xctest */,
			);
			name = Products;
			sourceTree = "<group>";
		};
		DA8580F81E4134570055134E /* MyCompanion */ = {
			isa = PBXGroup;
			children = (
				DA8580F91E4134570055134E /* AppDelegate.swift */,
				DA8580FB1E4134570055134E /* ViewController.swift */,
				DA8580FD1E4134570055134E /* Main.storyboard */,
				DA8581031E4134570055134E /* Assets.xcassets */,
				DA8581051E4134570055134E /* LaunchScreen.storyboard */,
				DA8581081E4134570055134E /* Info.plist */,
				DA8581001E4134570055134E /* MyCompanion.xcdatamodeld */,
			);
			path = MyCompanion;
			sourceTree = "<group>";
		};
		DA8581101E4134570055134E /* MyCompanionTests */ = {
			isa = PBXGroup;
			children = (
				DA8581111E4134570055134E /* MyCompanionTests.swift */,
				DA8581131E4134570055134E /* Info.plist */,
			);
			path = MyCompanionTests;
			sourceTree = "<group>";
		};
		DA85811B1E4134570055134E /* MyCompanionUITests */ = {
			isa = PBXGroup;
			children = (
				DA85811C1E4134570055134E /* MyCompanionUITests.swift */,
				DA85811E1E4134570055134E /* Info.plist */,
			);
			path = MyCompanionUITests;
			sourceTree = "<group>";
		};
/* End PBXGroup section */

/* Begin PBXNativeTarget section */
		DA8580F51E4134560055134E /* MyCompanion */ = {
			isa = PBXNativeTarget;
			buildConfigurationList = DA8581211E4134570055134E /* Build configuration list for PBXNativeTarget "MyCompanion" */;
			buildPhases = (
				DA8580F21E4134560055134E /* Sources */,
				DA8580F31E4134560055134E /* Frameworks */,
				DA8580F41E4134560055134E /* Resources */,
			);
			buildRules = (
			);
			dependencies = (
			);
			name = MyCompanion;
			productName = MyCompanion;
			productReference = DA8580F61E4134570055134E /* MyCompanion.app */;
			productType = "com.apple.product-type.application";
		};
		DA85810C1E4134570055134E /* MyCompanionTests */ = {
			isa = PBXNativeTarget;
			buildConfigurationList = DA8581241E4134570055134E /* Build configuration list for PBXNativeTarget "MyCompanionTests" */;
			buildPhases = (
				DA8581091E4134570055134E /* Sources */,
				DA85810A1E4134570055134E /* Frameworks */,
				DA85810B1E4134570055134E /* Resources */,
			);
			buildRules = (
			);
			dependencies = (
				DA85810F1E4134570055134E /* PBXTargetDependency */,
			);
			name = MyCompanionTests;
			productName = MyCompanionTests;
			productReference = DA85810D1E4134570055134E /* MyCompanionTests.xctest */;
			productType = "com.apple.product-type.bundle.unit-test";
		};
		DA8581171E4134570055134E /* MyCompanionUITests */ = {
			isa = PBXNativeTarget;
			buildConfigurationList = DA8581271E4134570055134E /* Build configuration list for PBXNativeTarget "MyCompanionUITests" */;
			buildPhases = (
				DA8581141E4134570055134E /* Sources */,
				DA8581151E4134570055134E /* Frameworks */,
				DA8581161E4134570055134E /* Resources */,
			);
			buildRules = (
			);
			dependencies = (
				DA85811A1E4134570055134E /* PBXTargetDependency */,
			);
			name = MyCompanionUITests;
			productName = MyCompanionUITests;
			productReference = DA8581181E4134570055134E /* MyCompanionUITests.xctest */;
			productType = "com.apple.product-type.bundle.ui-testing";
		};
/* End PBXNativeTarget section */

/* Begin PBXProject section */
		DA8580EE1E4134560055134E /* Project object */ = {
			isa = PBXProject;
			attributes = {
				LastSwiftUpdateCheck = 0820;
				LastUpgradeCheck = 0820;
				ORGANIZATIONNAME = EECS395;
				TargetAttributes = {
					DA8580F51E4134560055134E = {
						CreatedOnToolsVersion = 8.2.1;
						DevelopmentTeam = N8H54VZ747;
						ProvisioningStyle = Automatic;
					};
					DA85810C1E4134570055134E = {
						CreatedOnToolsVersion = 8.2.1;
						DevelopmentTeam = N8H54VZ747;
						ProvisioningStyle = Automatic;
						TestTargetID = DA8580F51E4134560055134E;
					};
					DA8581171E4134570055134E = {
						CreatedOnToolsVersion = 8.2.1;
						DevelopmentTeam = N8H54VZ747;
						ProvisioningStyle = Automatic;
						TestTargetID = DA8580F51E4134560055134E;
					};
				};
			};
			buildConfigurationList = DA8580F11E4134560055134E /* Build configuration list for PBXProject "MyCompanion" */;
			compatibilityVersion = "Xcode 3.2";
			developmentRegion = English;
			hasScannedForEncodings = 0;
			knownRegions = (
				en,
				Base,
			);
			mainGroup = DA8580ED1E4134560055134E;
			productRefGroup = DA8580F71E4134570055134E /* Products */;
			projectDirPath = "";
			projectRoot = "";
			targets = (
				DA8580F51E4134560055134E /* MyCompanion */,
				DA85810C1E4134570055134E /* MyCompanionTests */,
				DA8581171E4134570055134E /* MyCompanionUITests */,
			);
		};
/* End PBXProject section */

/* Begin PBXResourcesBuildPhase section */
		DA8580F41E4134560055134E /* Resources */ = {
			isa = PBXResourcesBuildPhase;
			buildActionMask = 2147483647;
			files = (
				DA8581071E4134570055134E /* LaunchScreen.storyboard in Resources */,
				DA8581041E4134570055134E /* Assets.xcassets in Resources */,
				DA8580FF1E4134570055134E /* Main.storyboard in Resources */,
			);
			runOnlyForDeploymentPostprocessing = 0;
		};
		DA85810B1E4134570055134E /* Resources */ = {
			isa = PBXResourcesBuildPhase;
			buildActionMask = 2147483647;
			files = (
			);
			runOnlyForDeploymentPostprocessing = 0;
		};
		DA8581161E4134570055134E /* Resources */ = {
			isa = PBXResourcesBuildPhase;
			buildActionMask = 2147483647;
			files = (
			);
			runOnlyForDeploymentPostprocessing = 0;
		};
/* End PBXResourcesBuildPhase section */

/* Begin PBXSourcesBuildPhase section */
		DA8580F21E4134560055134E /* Sources */ = {
			isa = PBXSourcesBuildPhase;
			buildActionMask = 2147483647;
			files = (
				DA8580FC1E4134570055134E /* ViewController.swift in Sources */,
				DA8581021E4134570055134E /* MyCompanion.xcdatamodeld in Sources */,
				DA8580FA1E4134570055134E /* AppDelegate.swift in Sources */,
			);
			runOnlyForDeploymentPostprocessing = 0;
		};
		DA8581091E4134570055134E /* Sources */ = {
			isa = PBXSourcesBuildPhase;
			buildActionMask = 2147483647;
			files = (
				DA8581121E4134570055134E /* MyCompanionTests.swift in Sources */,
			);
			runOnlyForDeploymentPostprocessing = 0;
		};
		DA8581141E4134570055134E /* Sources */ = {
			isa = PBXSourcesBuildPhase;
			buildActionMask = 2147483647;
			files = (
				DA85811D1E4134570055134E /* MyCompanionUITests.swift in Sources */,
			);
			runOnlyForDeploymentPostprocessing = 0;
		};
/* End PBXSourcesBuildPhase section */

/* Begin PBXTargetDependency section */
		DA85810F1E4134570055134E /* PBXTargetDependency */ = {
			isa = PBXTargetDependency;
			target = DA8580F51E4134560055134E /* MyCompanion */;
			targetProxy = DA85810E1E4134570055134E /* PBXContainerItemProxy */;
		};
		DA85811A1E4134570055134E /* PBXTargetDependency */ = {
			isa = PBXTargetDependency;
			target = DA8580F51E4134560055134E /* MyCompanion */;
			targetProxy = DA8581191E4134570055134E /* PBXContainerItemProxy */;
		};
/* End PBXTargetDependency section */

/* Begin PBXVariantGroup section */
		DA8580FD1E4134570055134E /* Main.storyboard */ = {
			isa = PBXVariantGroup;
			children = (
				DA8580FE1E4134570055134E /* Base */,
			);
			name = Main.storyboard;
			sourceTree = "<group>";
		};
		DA8581051E4134570055134E /* LaunchScreen.storyboard */ = {
			isa = PBXVariantGroup;
			children = (
				DA8581061E4134570055134E /* Base */,
			);
			name = LaunchScreen.storyboard;
			sourceTree = "<group>";
		};
/* End PBXVariantGroup section */

/* Begin XCBuildConfiguration section */
		DA85811F1E4134570055134E /* Debug */ = {
			isa = XCBuildConfiguration;
			buildSettings = {
				ALWAYS_SEARCH_USER_PATHS = NO;
				CLANG_ANALYZER_NONNULL = YES;
				CLANG_CXX_LANGUAGE_STANDARD = "gnu++0x";
				CLANG_CXX_LIBRARY = "libc++";
				CLANG_ENABLE_MODULES = YES;
				CLANG_ENABLE_OBJC_ARC = YES;
				CLANG_WARN_BOOL_CONVERSION = YES;
				CLANG_WARN_CONSTANT_CONVERSION = YES;
				CLANG_WARN_DIRECT_OBJC_ISA_USAGE = YES_ERROR;
				CLANG_WARN_DOCUMENTATION_COMMENTS = YES;
				CLANG_WARN_EMPTY_BODY = YES;
				CLANG_WARN_ENUM_CONVERSION = YES;
				CLANG_WARN_INFINITE_RECURSION = YES;
				CLANG_WARN_INT_CONVERSION = YES;
				CLANG_WARN_OBJC_ROOT_CLASS = YES_ERROR;
				CLANG_WARN_SUSPICIOUS_MOVE = YES;
				CLANG_WARN_UNREACHABLE_CODE = YES;
				CLANG_WARN__DUPLICATE_METHOD_MATCH = YES;
				"CODE_SIGN_IDENTITY[sdk=iphoneos*]" = "iPhone Developer";
				COPY_PHASE_STRIP = NO;
				DEBUG_INFORMATION_FORMAT = dwarf;
				ENABLE_STRICT_OBJC_MSGSEND = YES;
				ENABLE_TESTABILITY = YES;
				GCC_C_LANGUAGE_STANDARD = gnu99;
				GCC_DYNAMIC_NO_PIC = NO;
				GCC_NO_COMMON_BLOCKS = YES;
				GCC_OPTIMIZATION_LEVEL = 0;
				GCC_PREPROCESSOR_DEFINITIONS = (
					"DEBUG=1",
					"$(inherited)",
				);
				GCC_WARN_64_TO_32_BIT_CONVERSION = YES;
				GCC_WARN_ABOUT_RETURN_TYPE = YES_ERROR;
				GCC_WARN_UNDECLARED_SELECTOR = YES;
				GCC_WARN_UNINITIALIZED_AUTOS = YES_AGGRESSIVE;
				GCC_WARN_UNUSED_FUNCTION = YES;
				GCC_WARN_UNUSED_VARIABLE = YES;
				IPHONEOS_DEPLOYMENT_TARGET = 10.2;
				MTL_ENABLE_DEBUG_INFO = YES;
				ONLY_ACTIVE_ARCH = YES;
				SDKROOT = iphoneos;
				SWIFT_ACTIVE_COMPILATION_CONDITIONS = DEBUG;
				SWIFT_OPTIMIZATION_LEVEL = "-Onone";
				TARGETED_DEVICE_FAMILY = "1,2";
			};
			name = Debug;
		};
		DA8581201E4134570055134E /* Release */ = {
			isa = XCBuildConfiguration;
			buildSettings = {
				ALWAYS_SEARCH_USER_PATHS = NO;
				CLANG_ANALYZER_NONNULL = YES;
				CLANG_CXX_LANGUAGE_STANDARD = "gnu++0x";
				CLANG_CXX_LIBRARY = "libc++";
				CLANG_ENABLE_MODULES = YES;
				CLANG_ENABLE_OBJC_ARC = YES;
				CLANG_WARN_BOOL_CONVERSION = YES;
				CLANG_WARN_CONSTANT_CONVERSION = YES;
				CLANG_WARN_DIRECT_OBJC_ISA_USAGE = YES_ERROR;
				CLANG_WARN_DOCUMENTATION_COMMENTS = YES;
				CLANG_WARN_EMPTY_BODY = YES;
				CLANG_WARN_ENUM_CONVERSION = YES;
				CLANG_WARN_INFINITE_RECURSION = YES;
				CLANG_WARN_INT_CONVERSION = YES;
				CLANG_WARN_OBJC_ROOT_CLASS = YES_ERROR;
				CLANG_WARN_SUSPICIOUS_MOVE = YES;
				CLANG_WARN_UNREACHABLE_CODE = YES;
				CLANG_WARN__DUPLICATE_METHOD_MATCH = YES;
				"CODE_SIGN_IDENTITY[sdk=iphoneos*]" = "iPhone Developer";
				COPY_PHASE_STRIP = NO;
				DEBUG_INFORMATION_FORMAT = "dwarf-with-dsym";
				ENABLE_NS_ASSERTIONS = NO;
				ENABLE_STRICT_OBJC_MSGSEND = YES;
				GCC_C_LANGUAGE_STANDARD = gnu99;
				GCC_NO_COMMON_BLOCKS = YES;
				GCC_WARN_64_TO_32_BIT_CONVERSION = YES;
				GCC_WARN_ABOUT_RETURN_TYPE = YES_ERROR;
				GCC_WARN_UNDECLARED_SELECTOR = YES;
				GCC_WARN_UNINITIALIZED_AUTOS = YES_AGGRESSIVE;
				GCC_WARN_UNUSED_FUNCTION = YES;
				GCC_WARN_UNUSED_VARIABLE = YES;
				IPHONEOS_DEPLOYMENT_TARGET = 10.2;
				MTL_ENABLE_DEBUG_INFO = NO;
				SDKROOT = iphoneos;
				SWIFT_OPTIMIZATION_LEVEL = "-Owholemodule";
				TARGETED_DEVICE_FAMILY = "1,2";
				VALIDATE_PRODUCT = YES;
			};
			name = Release;
		};
		DA8581221E4134570055134E /* Debug */ = {
			isa = XCBuildConfiguration;
			buildSettings = {
				ASSETCATALOG_COMPILER_APPICON_NAME = AppIcon;
				DEVELOPMENT_TEAM = N8H54VZ747;
				INFOPLIST_FILE = MyCompanion/Info.plist;
				LD_RUNPATH_SEARCH_PATHS = "$(inherited) @executable_path/Frameworks";
				PRODUCT_BUNDLE_IDENTIFIER = EECS395.MyCompanion;
				PRODUCT_NAME = "$(TARGET_NAME)";
				SWIFT_VERSION = 3.0;
			};
			name = Debug;
		};
		DA8581231E4134570055134E /* Release */ = {
			isa = XCBuildConfiguration;
			buildSettings = {
				ASSETCATALOG_COMPILER_APPICON_NAME = AppIcon;
				DEVELOPMENT_TEAM = N8H54VZ747;
				INFOPLIST_FILE = MyCompanion/Info.plist;
				LD_RUNPATH_SEARCH_PATHS = "$(inherited) @executable_path/Frameworks";
				PRODUCT_BUNDLE_IDENTIFIER = EECS395.MyCompanion;
				PRODUCT_NAME = "$(TARGET_NAME)";
				SWIFT_VERSION = 3.0;
			};
			name = Release;
		};
		DA8581251E4134570055134E /* Debug */ = {
			isa = XCBuildConfiguration;
			buildSettings = {
				ALWAYS_EMBED_SWIFT_STANDARD_LIBRARIES = YES;
				BUNDLE_LOADER = "$(TEST_HOST)";
				DEVELOPMENT_TEAM = N8H54VZ747;
				INFOPLIST_FILE = MyCompanionTests/Info.plist;
				LD_RUNPATH_SEARCH_PATHS = "$(inherited) @executable_path/Frameworks @loader_path/Frameworks";
				PRODUCT_BUNDLE_IDENTIFIER = EECS395.MyCompanionTests;
				PRODUCT_NAME = "$(TARGET_NAME)";
				SWIFT_VERSION = 3.0;
				TEST_HOST = "$(BUILT_PRODUCTS_DIR)/MyCompanion.app/MyCompanion";
			};
			name = Debug;
		};
		DA8581261E4134570055134E /* Release */ = {
			isa = XCBuildConfiguration;
			buildSettings = {
				ALWAYS_EMBED_SWIFT_STANDARD_LIBRARIES = YES;
				BUNDLE_LOADER = "$(TEST_HOST)";
				DEVELOPMENT_TEAM = N8H54VZ747;
				INFOPLIST_FILE = MyCompanionTests/Info.plist;
				LD_RUNPATH_SEARCH_PATHS = "$(inherited) @executable_path/Frameworks @loader_path/Frameworks";
				PRODUCT_BUNDLE_IDENTIFIER = EECS395.MyCompanionTests;
				PRODUCT_NAME = "$(TARGET_NAME)";
				SWIFT_VERSION = 3.0;
				TEST_HOST = "$(BUILT_PRODUCTS_DIR)/MyCompanion.app/MyCompanion";
			};
			name = Release;
		};
		DA8581281E4134570055134E /* Debug */ = {
			isa = XCBuildConfiguration;
			buildSettings = {
				ALWAYS_EMBED_SWIFT_STANDARD_LIBRARIES = YES;
				DEVELOPMENT_TEAM = N8H54VZ747;
				INFOPLIST_FILE = MyCompanionUITests/Info.plist;
				LD_RUNPATH_SEARCH_PATHS = "$(inherited) @executable_path/Frameworks @loader_path/Frameworks";
				PRODUCT_BUNDLE_IDENTIFIER = EECS395.MyCompanionUITests;
				PRODUCT_NAME = "$(TARGET_NAME)";
				SWIFT_VERSION = 3.0;
				TEST_TARGET_NAME = MyCompanion;
			};
			name = Debug;
		};
		DA8581291E4134570055134E /* Release */ = {
			isa = XCBuildConfiguration;
			buildSettings = {
				ALWAYS_EMBED_SWIFT_STANDARD_LIBRARIES = YES;
				DEVELOPMENT_TEAM = N8H54VZ747;
				INFOPLIST_FILE = MyCompanionUITests/Info.plist;
				LD_RUNPATH_SEARCH_PATHS = "$(inherited) @executable_path/Frameworks @loader_path/Frameworks";
				PRODUCT_BUNDLE_IDENTIFIER = EECS395.MyCompanionUITests;
				PRODUCT_NAME = "$(TARGET_NAME)";
				SWIFT_VERSION = 3.0;
				TEST_TARGET_NAME = MyCompanion;
			};
			name = Release;
		};
/* End XCBuildConfiguration section */

/* Begin XCConfigurationList section */
		DA8580F11E4134560055134E /* Build configuration list for PBXProject "MyCompanion" */ = {
			isa = XCConfigurationList;
			buildConfigurations = (
				DA85811F1E4134570055134E /* Debug */,
				DA8581201E4134570055134E /* Release */,
			);
			defaultConfigurationIsVisible = 0;
			defaultConfigurationName = Release;
		};
		DA8581211E4134570055134E /* Build configuration list for PBXNativeTarget "MyCompanion" */ = {
			isa = XCConfigurationList;
			buildConfigurations = (
				DA8581221E4134570055134E /* Debug */,
				DA8581231E4134570055134E /* Release */,
			);
			defaultConfigurationIsVisible = 0;
		};
		DA8581241E4134570055134E /* Build configuration list for PBXNativeTarget "MyCompanionTests" */ = {
			isa = XCConfigurationList;
			buildConfigurations = (
				DA8581251E4134570055134E /* Debug */,
				DA8581261E4134570055134E /* Release */,
			);
			defaultConfigurationIsVisible = 0;
		};
		DA8581271E4134570055134E /* Build configuration list for PBXNativeTarget "MyCompanionUITests" */ = {
			isa = XCConfigurationList;
			buildConfigurations = (
				DA8581281E4134570055134E /* Debug */,
				DA8581291E4134570055134E /* Release */,
			);
			defaultConfigurationIsVisible = 0;
		};
/* End XCConfigurationList section */

/* Begin XCVersionGroup section */
		DA8581001E4134570055134E /* MyCompanion.xcdatamodeld */ = {
			isa = XCVersionGroup;
			children = (
				DA8581011E4134570055134E /* MyCompanion.xcdatamodel */,
			);
			currentVersion = DA8581011E4134570055134E /* MyCompanion.xcdatamodel */;
			path = MyCompanion.xcdatamodeld;
			sourceTree = "<group>";
			versionGroupType = wrapper.xcdatamodel;
		};
/* End XCVersionGroup section */
	};
	rootObject = DA8580EE1E4134560055134E /* Project object */;
}
