// !$*UTF8*$!
{
	archiveVersion = 1;
	classes = {
	};
	objectVersion = 46;
	objects = {

/* Begin PBXBuildFile section */
		1C1615981E5A6E14009A3137 /* PasscodeViewController.swift in Sources */ = {isa = PBXBuildFile; fileRef = 1C1615971E5A6E14009A3137 /* PasscodeViewController.swift */; };
		1C16159A1E5A7E0B009A3137 /* CheckPasscodeViewController.swift in Sources */ = {isa = PBXBuildFile; fileRef = 1C1615991E5A7E0B009A3137 /* CheckPasscodeViewController.swift */; };
		1CA3BE661E5D1C520016B247 /* SettingsTableViewController.swift in Sources */ = {isa = PBXBuildFile; fileRef = 1CA3BE651E5D1C520016B247 /* SettingsTableViewController.swift */; };
		6908902E721E1B70ACB83D9D /* Pods_MyCompanionTests.framework in Frameworks */ = {isa = PBXBuildFile; fileRef = 7FB1E8DD63FDE025EFF94606 /* Pods_MyCompanionTests.framework */; };
		85E610E145E74BEC93F2440A /* Pods_MyCompanionUITests.framework in Frameworks */ = {isa = PBXBuildFile; fileRef = 56C39383E4FF86AFA081F0EA /* Pods_MyCompanionUITests.framework */; };
		93DCC6AA7C143FDF12A68B44 /* Pods_MyCompanion.framework in Frameworks */ = {isa = PBXBuildFile; fileRef = BD700589041BBF8E6FEA6A60 /* Pods_MyCompanion.framework */; };
		DA2C16861E54CF42001B3D14 /* IntroViewController.swift in Sources */ = {isa = PBXBuildFile; fileRef = DA2C16851E54CF42001B3D14 /* IntroViewController.swift */; };
		DA761C8A1E5CA42300B3679A /* CaregiverTileViewController.swift in Sources */ = {isa = PBXBuildFile; fileRef = DA761C891E5CA42300B3679A /* CaregiverTileViewController.swift */; };
		DA8580FA1E4134570055134E /* AppDelegate.swift in Sources */ = {isa = PBXBuildFile; fileRef = DA8580F91E4134570055134E /* AppDelegate.swift */; };
		DA8580FC1E4134570055134E /* ViewController.swift in Sources */ = {isa = PBXBuildFile; fileRef = DA8580FB1E4134570055134E /* ViewController.swift */; };
		DA8580FF1E4134570055134E /* Main.storyboard in Resources */ = {isa = PBXBuildFile; fileRef = DA8580FD1E4134570055134E /* Main.storyboard */; };
		DA8581021E4134570055134E /* MyCompanion.xcdatamodeld in Sources */ = {isa = PBXBuildFile; fileRef = DA8581001E4134570055134E /* MyCompanion.xcdatamodeld */; };
		DA8581041E4134570055134E /* Assets.xcassets in Resources */ = {isa = PBXBuildFile; fileRef = DA8581031E4134570055134E /* Assets.xcassets */; };
		DA8581071E4134570055134E /* LaunchScreen.storyboard in Resources */ = {isa = PBXBuildFile; fileRef = DA8581051E4134570055134E /* LaunchScreen.storyboard */; };
		DA8581121E4134570055134E /* MyCompanionTests.swift in Sources */ = {isa = PBXBuildFile; fileRef = DA8581111E4134570055134E /* MyCompanionTests.swift */; };
		DA85811D1E4134570055134E /* MyCompanionUITests.swift in Sources */ = {isa = PBXBuildFile; fileRef = DA85811C1E4134570055134E /* MyCompanionUITests.swift */; };
		DA85812B1E41357B0055134E /* TodayViewController.swift in Sources */ = {isa = PBXBuildFile; fileRef = DA85812A1E41357B0055134E /* TodayViewController.swift */; };
		DAE225931E523C0F00A3D1C8 /* ContactsTableViewController.swift in Sources */ = {isa = PBXBuildFile; fileRef = DAE225921E523C0F00A3D1C8 /* ContactsTableViewController.swift */; };
		DAE225951E523E3900A3D1C8 /* ContactsTableViewCell.swift in Sources */ = {isa = PBXBuildFile; fileRef = DAE225941E523E3900A3D1C8 /* ContactsTableViewCell.swift */; };
		DAE225971E5240B600A3D1C8 /* Contact.swift in Sources */ = {isa = PBXBuildFile; fileRef = DAE225961E5240B600A3D1C8 /* Contact.swift */; };
		DAE3BB7C1E6C93D7009BB9E6 /* ReminderTileViewController.swift in Sources */ = {isa = PBXBuildFile; fileRef = DAE3BB7B1E6C93D7009BB9E6 /* ReminderTileViewController.swift */; };
		DAE3BB7E1E6C9636009BB9E6 /* MemoryBookTileViewController.swift in Sources */ = {isa = PBXBuildFile; fileRef = DAE3BB7D1E6C9636009BB9E6 /* MemoryBookTileViewController.swift */; };
		DAFA46B41E524AB000285267 /* ContactTileViewController.swift in Sources */ = {isa = PBXBuildFile; fileRef = DAFA46B31E524AB000285267 /* ContactTileViewController.swift */; };
/* End PBXBuildFile section */

/* Begin PBXContainerItemProxy section */
		DA85810E1E4134570055134E /* PBXContainerItemProxy */ = {
			isa = PBXContainerItemProxy;
			containerPortal = DA8580EE1E4134560055134E /* Project object */;
			proxyType = 1;
			remoteGlobalIDString = DA8580F51E4134560055134E;
			remoteInfo = MyCompanion;
		};
		DA8581191E4134570055134E /* PBXContainerItemProxy */ = {
			isa = PBXContainerItemProxy;
			containerPortal = DA8580EE1E4134560055134E /* Project object */;
			proxyType = 1;
			remoteGlobalIDString = DA8580F51E4134560055134E;
			remoteInfo = MyCompanion;
		};
/* End PBXContainerItemProxy section */

/* Begin PBXFileReference section */
		1C1615971E5A6E14009A3137 /* PasscodeViewController.swift */ = {isa = PBXFileReference; fileEncoding = 4; lastKnownFileType = sourcecode.swift; path = PasscodeViewController.swift; sourceTree = "<group>"; };
		1C1615991E5A7E0B009A3137 /* CheckPasscodeViewController.swift */ = {isa = PBXFileReference; fileEncoding = 4; lastKnownFileType = sourcecode.swift; path = CheckPasscodeViewController.swift; sourceTree = "<group>"; };
		1CA3BE651E5D1C520016B247 /* SettingsTableViewController.swift */ = {isa = PBXFileReference; fileEncoding = 4; lastKnownFileType = sourcecode.swift; path = SettingsTableViewController.swift; sourceTree = "<group>"; };
		2B7A28B926C4AC51AF438EA7 /* Pods-MyCompanionUITests.release.xcconfig */ = {isa = PBXFileReference; includeInIndex = 1; lastKnownFileType = text.xcconfig; name = "Pods-MyCompanionUITests.release.xcconfig"; path = "Pods/Target Support Files/Pods-MyCompanionUITests/Pods-MyCompanionUITests.release.xcconfig"; sourceTree = "<group>"; };
		56C39383E4FF86AFA081F0EA /* Pods_MyCompanionUITests.framework */ = {isa = PBXFileReference; explicitFileType = wrapper.framework; includeInIndex = 0; path = Pods_MyCompanionUITests.framework; sourceTree = BUILT_PRODUCTS_DIR; };
		6FB3639B2469D22A6B618391 /* Pods-MyCompanion.release.xcconfig */ = {isa = PBXFileReference; includeInIndex = 1; lastKnownFileType = text.xcconfig; name = "Pods-MyCompanion.release.xcconfig"; path = "Pods/Target Support Files/Pods-MyCompanion/Pods-MyCompanion.release.xcconfig"; sourceTree = "<group>"; };
		7FB1E8DD63FDE025EFF94606 /* Pods_MyCompanionTests.framework */ = {isa = PBXFileReference; explicitFileType = wrapper.framework; includeInIndex = 0; path = Pods_MyCompanionTests.framework; sourceTree = BUILT_PRODUCTS_DIR; };
		A8E3E0E7B6E725926DEA81C2 /* Pods-MyCompanionUITests.debug.xcconfig */ = {isa = PBXFileReference; includeInIndex = 1; lastKnownFileType = text.xcconfig; name = "Pods-MyCompanionUITests.debug.xcconfig"; path = "Pods/Target Support Files/Pods-MyCompanionUITests/Pods-MyCompanionUITests.debug.xcconfig"; sourceTree = "<group>"; };
		BBE46EBB316E3847D61C703C /* Pods-MyCompanionTests.debug.xcconfig */ = {isa = PBXFileReference; includeInIndex = 1; lastKnownFileType = text.xcconfig; name = "Pods-MyCompanionTests.debug.xcconfig"; path = "Pods/Target Support Files/Pods-MyCompanionTests/Pods-MyCompanionTests.debug.xcconfig"; sourceTree = "<group>"; };
		BD700589041BBF8E6FEA6A60 /* Pods_MyCompanion.framework */ = {isa = PBXFileReference; explicitFileType = wrapper.framework; includeInIndex = 0; path = Pods_MyCompanion.framework; sourceTree = BUILT_PRODUCTS_DIR; };
		D59AD62633D366BD4EBD02DE /* Pods-MyCompanionTests.release.xcconfig */ = {isa = PBXFileReference; includeInIndex = 1; lastKnownFileType = text.xcconfig; name = "Pods-MyCompanionTests.release.xcconfig"; path = "Pods/Target Support Files/Pods-MyCompanionTests/Pods-MyCompanionTests.release.xcconfig"; sourceTree = "<group>"; };
		DA2C16851E54CF42001B3D14 /* IntroViewController.swift */ = {isa = PBXFileReference; fileEncoding = 4; lastKnownFileType = sourcecode.swift; path = IntroViewController.swift; sourceTree = "<group>"; };
		DA761C891E5CA42300B3679A /* CaregiverTileViewController.swift */ = {isa = PBXFileReference; fileEncoding = 4; lastKnownFileType = sourcecode.swift; path = CaregiverTileViewController.swift; sourceTree = "<group>"; };
		DA8580F61E4134570055134E /* MyCompanion.app */ = {isa = PBXFileReference; explicitFileType = wrapper.application; includeInIndex = 0; path = MyCompanion.app; sourceTree = BUILT_PRODUCTS_DIR; };
		DA8580F91E4134570055134E /* AppDelegate.swift */ = {isa = PBXFileReference; lastKnownFileType = sourcecode.swift; path = AppDelegate.swift; sourceTree = "<group>"; };
		DA8580FB1E4134570055134E /* ViewController.swift */ = {isa = PBXFileReference; lastKnownFileType = sourcecode.swift; path = ViewController.swift; sourceTree = "<group>"; };
		DA8580FE1E4134570055134E /* Base */ = {isa = PBXFileReference; lastKnownFileType = file.storyboard; name = Base; path = Base.lproj/Main.storyboard; sourceTree = "<group>"; };
		DA8581011E4134570055134E /* MyCompanion.xcdatamodel */ = {isa = PBXFileReference; lastKnownFileType = wrapper.xcdatamodel; path = MyCompanion.xcdatamodel; sourceTree = "<group>"; };
		DA8581031E4134570055134E /* Assets.xcassets */ = {isa = PBXFileReference; lastKnownFileType = folder.assetcatalog; path = Assets.xcassets; sourceTree = "<group>"; };
		DA8581061E4134570055134E /* Base */ = {isa = PBXFileReference; lastKnownFileType = file.storyboard; name = Base; path = Base.lproj/LaunchScreen.storyboard; sourceTree = "<group>"; };
		DA8581081E4134570055134E /* Info.plist */ = {isa = PBXFileReference; lastKnownFileType = text.plist.xml; path = Info.plist; sourceTree = "<group>"; };
		DA85810D1E4134570055134E /* MyCompanionTests.xctest */ = {isa = PBXFileReference; explicitFileType = wrapper.cfbundle; includeInIndex = 0; path = MyCompanionTests.xctest; sourceTree = BUILT_PRODUCTS_DIR; };
		DA8581111E4134570055134E /* MyCompanionTests.swift */ = {isa = PBXFileReference; lastKnownFileType = sourcecode.swift; path = MyCompanionTests.swift; sourceTree = "<group>"; };
		DA8581131E4134570055134E /* Info.plist */ = {isa = PBXFileReference; lastKnownFileType = text.plist.xml; path = Info.plist; sourceTree = "<group>"; };
		DA8581181E4134570055134E /* MyCompanionUITests.xctest */ = {isa = PBXFileReference; explicitFileType = wrapper.cfbundle; includeInIndex = 0; path = MyCompanionUITests.xctest; sourceTree = BUILT_PRODUCTS_DIR; };
		DA85811C1E4134570055134E /* MyCompanionUITests.swift */ = {isa = PBXFileReference; lastKnownFileType = sourcecode.swift; path = MyCompanionUITests.swift; sourceTree = "<group>"; };
		DA85811E1E4134570055134E /* Info.plist */ = {isa = PBXFileReference; lastKnownFileType = text.plist.xml; path = Info.plist; sourceTree = "<group>"; };
		DA85812A1E41357B0055134E /* TodayViewController.swift */ = {isa = PBXFileReference; fileEncoding = 4; lastKnownFileType = sourcecode.swift; path = TodayViewController.swift; sourceTree = "<group>"; };
		DAE225921E523C0F00A3D1C8 /* ContactsTableViewController.swift */ = {isa = PBXFileReference; fileEncoding = 4; lastKnownFileType = sourcecode.swift; path = ContactsTableViewController.swift; sourceTree = "<group>"; };
		DAE225941E523E3900A3D1C8 /* ContactsTableViewCell.swift */ = {isa = PBXFileReference; fileEncoding = 4; lastKnownFileType = sourcecode.swift; path = ContactsTableViewCell.swift; sourceTree = "<group>"; };
		DAE225961E5240B600A3D1C8 /* Contact.swift */ = {isa = PBXFileReference; fileEncoding = 4; lastKnownFileType = sourcecode.swift; path = Contact.swift; sourceTree = "<group>"; };
		DAE3BB7B1E6C93D7009BB9E6 /* ReminderTileViewController.swift */ = {isa = PBXFileReference; fileEncoding = 4; lastKnownFileType = sourcecode.swift; path = ReminderTileViewController.swift; sourceTree = "<group>"; };
		DAE3BB7D1E6C9636009BB9E6 /* MemoryBookTileViewController.swift */ = {isa = PBXFileReference; fileEncoding = 4; lastKnownFileType = sourcecode.swift; path = MemoryBookTileViewController.swift; sourceTree = "<group>"; };
		DAFA46B31E524AB000285267 /* ContactTileViewController.swift */ = {isa = PBXFileReference; fileEncoding = 4; lastKnownFileType = sourcecode.swift; path = ContactTileViewController.swift; sourceTree = "<group>"; };
		E2BED68DEEFE8761AF8FD18E /* Pods-MyCompanion.debug.xcconfig */ = {isa = PBXFileReference; includeInIndex = 1; lastKnownFileType = text.xcconfig; name = "Pods-MyCompanion.debug.xcconfig"; path = "Pods/Target Support Files/Pods-MyCompanion/Pods-MyCompanion.debug.xcconfig"; sourceTree = "<group>"; };
/* End PBXFileReference section */

/* Begin PBXFrameworksBuildPhase section */
		DA8580F31E4134560055134E /* Frameworks */ = {
			isa = PBXFrameworksBuildPhase;
			buildActionMask = 2147483647;
			files = (
				93DCC6AA7C143FDF12A68B44 /* Pods_MyCompanion.framework in Frameworks */,
			);
			runOnlyForDeploymentPostprocessing = 0;
		};
		DA85810A1E4134570055134E /* Frameworks */ = {
			isa = PBXFrameworksBuildPhase;
			buildActionMask = 2147483647;
			files = (
				6908902E721E1B70ACB83D9D /* Pods_MyCompanionTests.framework in Frameworks */,
			);
			runOnlyForDeploymentPostprocessing = 0;
		};
		DA8581151E4134570055134E /* Frameworks */ = {
			isa = PBXFrameworksBuildPhase;
			buildActionMask = 2147483647;
			files = (
				85E610E145E74BEC93F2440A /* Pods_MyCompanionUITests.framework in Frameworks */,
			);
			runOnlyForDeploymentPostprocessing = 0;
		};
/* End PBXFrameworksBuildPhase section */

/* Begin PBXGroup section */
		0F9A800E50FFC6CA7504FCBB /* Frameworks */ = {
			isa = PBXGroup;
			children = (
				BD700589041BBF8E6FEA6A60 /* Pods_MyCompanion.framework */,
				7FB1E8DD63FDE025EFF94606 /* Pods_MyCompanionTests.framework */,
				56C39383E4FF86AFA081F0EA /* Pods_MyCompanionUITests.framework */,
			);
			name = Frameworks;
			sourceTree = "<group>";
		};
		20C332A64E5E9C90DC1180CE /* Pods */ = {
			isa = PBXGroup;
			children = (
				E2BED68DEEFE8761AF8FD18E /* Pods-MyCompanion.debug.xcconfig */,
				6FB3639B2469D22A6B618391 /* Pods-MyCompanion.release.xcconfig */,
				BBE46EBB316E3847D61C703C /* Pods-MyCompanionTests.debug.xcconfig */,
				D59AD62633D366BD4EBD02DE /* Pods-MyCompanionTests.release.xcconfig */,
				A8E3E0E7B6E725926DEA81C2 /* Pods-MyCompanionUITests.debug.xcconfig */,
				2B7A28B926C4AC51AF438EA7 /* Pods-MyCompanionUITests.release.xcconfig */,
			);
			name = Pods;
			sourceTree = "<group>";
		};
		DA8580ED1E4134560055134E = {
			isa = PBXGroup;
			children = (
				DA8580F81E4134570055134E /* MyCompanion */,
				DA8581101E4134570055134E /* MyCompanionTests */,
				DA85811B1E4134570055134E /* MyCompanionUITests */,
				DA8580F71E4134570055134E /* Products */,
				20C332A64E5E9C90DC1180CE /* Pods */,
				0F9A800E50FFC6CA7504FCBB /* Frameworks */,
			);
			sourceTree = "<group>";
		};
		DA8580F71E4134570055134E /* Products */ = {
			isa = PBXGroup;
			children = (
				DA8580F61E4134570055134E /* MyCompanion.app */,
				DA85810D1E4134570055134E /* MyCompanionTests.xctest */,
				DA8581181E4134570055134E /* MyCompanionUITests.xctest */,
			);
			name = Products;
			sourceTree = "<group>";
		};
		DA8580F81E4134570055134E /* MyCompanion */ = {
			isa = PBXGroup;
			children = (
				DA8580F91E4134570055134E /* AppDelegate.swift */,
				DA8580FB1E4134570055134E /* ViewController.swift */,
				DA85812A1E41357B0055134E /* TodayViewController.swift */,
				DA2C16851E54CF42001B3D14 /* IntroViewController.swift */,
				DAE3BB7A1E6C93BA009BB9E6 /* TileViewControllers */,
				DA8580FD1E4134570055134E /* Main.storyboard */,
				1C1615971E5A6E14009A3137 /* PasscodeViewController.swift */,
				1C1615991E5A7E0B009A3137 /* CheckPasscodeViewController.swift */,
				DA8581031E4134570055134E /* Assets.xcassets */,
				DA8581051E4134570055134E /* LaunchScreen.storyboard */,
				DA8581081E4134570055134E /* Info.plist */,
				DA8581001E4134570055134E /* MyCompanion.xcdatamodeld */,
				DAE225921E523C0F00A3D1C8 /* ContactsTableViewController.swift */,
				DAE225941E523E3900A3D1C8 /* ContactsTableViewCell.swift */,
				DAE225961E5240B600A3D1C8 /* Contact.swift */,
				1CA3BE651E5D1C520016B247 /* SettingsTableViewController.swift */,
			);
			path = MyCompanion;
			sourceTree = "<group>";
		};
		DA8581101E4134570055134E /* MyCompanionTests */ = {
			isa = PBXGroup;
			children = (
				DA8581111E4134570055134E /* MyCompanionTests.swift */,
				DA8581131E4134570055134E /* Info.plist */,
			);
			path = MyCompanionTests;
			sourceTree = "<group>";
		};
		DA85811B1E4134570055134E /* MyCompanionUITests */ = {
			isa = PBXGroup;
			children = (
				DA85811C1E4134570055134E /* MyCompanionUITests.swift */,
				DA85811E1E4134570055134E /* Info.plist */,
			);
			path = MyCompanionUITests;
			sourceTree = "<group>";
		};
		DAE3BB7A1E6C93BA009BB9E6 /* TileViewControllers */ = {
			isa = PBXGroup;
			children = (
				DA761C891E5CA42300B3679A /* CaregiverTileViewController.swift */,
				DAFA46B31E524AB000285267 /* ContactTileViewController.swift */,
				DAE3BB7B1E6C93D7009BB9E6 /* ReminderTileViewController.swift */,
				DAE3BB7D1E6C9636009BB9E6 /* MemoryBookTileViewController.swift */,
			);
			name = TileViewControllers;
			sourceTree = "<group>";
		};
/* End PBXGroup section */

/* Begin PBXNativeTarget section */
		DA8580F51E4134560055134E /* MyCompanion */ = {
			isa = PBXNativeTarget;
			buildConfigurationList = DA8581211E4134570055134E /* Build configuration list for PBXNativeTarget "MyCompanion" */;
			buildPhases = (
				600F0C7D66FD73BAC6A7266E /* [CP] Check Pods Manifest.lock */,
				DA8580F21E4134560055134E /* Sources */,
				DA8580F31E4134560055134E /* Frameworks */,
				DA8580F41E4134560055134E /* Resources */,
				87E38D8EE8630BA399A7487F /* [CP] Embed Pods Frameworks */,
				017D3C3BF517B40CE0DCD9ED /* [CP] Copy Pods Resources */,
			);
			buildRules = (
			);
			dependencies = (
			);
			name = MyCompanion;
			productName = MyCompanion;
			productReference = DA8580F61E4134570055134E /* MyCompanion.app */;
			productType = "com.apple.product-type.application";
		};
		DA85810C1E4134570055134E /* MyCompanionTests */ = {
			isa = PBXNativeTarget;
			buildConfigurationList = DA8581241E4134570055134E /* Build configuration list for PBXNativeTarget "MyCompanionTests" */;
			buildPhases = (
				8B2DC47B0B1863072719129F /* [CP] Check Pods Manifest.lock */,
				DA8581091E4134570055134E /* Sources */,
				DA85810A1E4134570055134E /* Frameworks */,
				DA85810B1E4134570055134E /* Resources */,
				A1061E6C0E20FBAB53A8C9DB /* [CP] Embed Pods Frameworks */,
				FDCAF955B20F0B27D3F60E7B /* [CP] Copy Pods Resources */,
			);
			buildRules = (
			);
			dependencies = (
				DA85810F1E4134570055134E /* PBXTargetDependency */,
			);
			name = MyCompanionTests;
			productName = MyCompanionTests;
			productReference = DA85810D1E4134570055134E /* MyCompanionTests.xctest */;
			productType = "com.apple.product-type.bundle.unit-test";
		};
		DA8581171E4134570055134E /* MyCompanionUITests */ = {
			isa = PBXNativeTarget;
			buildConfigurationList = DA8581271E4134570055134E /* Build configuration list for PBXNativeTarget "MyCompanionUITests" */;
			buildPhases = (
				6580F0A04C745099E00E8975 /* [CP] Check Pods Manifest.lock */,
				DA8581141E4134570055134E /* Sources */,
				DA8581151E4134570055134E /* Frameworks */,
				DA8581161E4134570055134E /* Resources */,
				B38B4D96A365058D7DF5BD7C /* [CP] Embed Pods Frameworks */,
				4C8B50071E38781A243DA693 /* [CP] Copy Pods Resources */,
			);
			buildRules = (
			);
			dependencies = (
				DA85811A1E4134570055134E /* PBXTargetDependency */,
			);
			name = MyCompanionUITests;
			productName = MyCompanionUITests;
			productReference = DA8581181E4134570055134E /* MyCompanionUITests.xctest */;
			productType = "com.apple.product-type.bundle.ui-testing";
		};
/* End PBXNativeTarget section */

/* Begin PBXProject section */
		DA8580EE1E4134560055134E /* Project object */ = {
			isa = PBXProject;
			attributes = {
				LastSwiftUpdateCheck = 0820;
				LastUpgradeCheck = 0820;
				ORGANIZATIONNAME = EECS395;
				TargetAttributes = {
					DA8580F51E4134560055134E = {
						CreatedOnToolsVersion = 8.2.1;
						DevelopmentTeam = N8H54VZ747;
						ProvisioningStyle = Automatic;
					};
					DA85810C1E4134570055134E = {
						CreatedOnToolsVersion = 8.2.1;
						DevelopmentTeam = N8H54VZ747;
						ProvisioningStyle = Automatic;
						TestTargetID = DA8580F51E4134560055134E;
					};
					DA8581171E4134570055134E = {
						CreatedOnToolsVersion = 8.2.1;
						DevelopmentTeam = N8H54VZ747;
						ProvisioningStyle = Automatic;
						TestTargetID = DA8580F51E4134560055134E;
					};
				};
			};
			buildConfigurationList = DA8580F11E4134560055134E /* Build configuration list for PBXProject "MyCompanion" */;
			compatibilityVersion = "Xcode 3.2";
			developmentRegion = English;
			hasScannedForEncodings = 0;
			knownRegions = (
				en,
				Base,
			);
			mainGroup = DA8580ED1E4134560055134E;
			productRefGroup = DA8580F71E4134570055134E /* Products */;
			projectDirPath = "";
			projectRoot = "";
			targets = (
				DA8580F51E4134560055134E /* MyCompanion */,
				DA85810C1E4134570055134E /* MyCompanionTests */,
				DA8581171E4134570055134E /* MyCompanionUITests */,
			);
		};
/* End PBXProject section */

/* Begin PBXResourcesBuildPhase section */
		DA8580F41E4134560055134E /* Resources */ = {
			isa = PBXResourcesBuildPhase;
			buildActionMask = 2147483647;
			files = (
				DA8581071E4134570055134E /* LaunchScreen.storyboard in Resources */,
				DA8581041E4134570055134E /* Assets.xcassets in Resources */,
				DA8580FF1E4134570055134E /* Main.storyboard in Resources */,
			);
			runOnlyForDeploymentPostprocessing = 0;
		};
		DA85810B1E4134570055134E /* Resources */ = {
			isa = PBXResourcesBuildPhase;
			buildActionMask = 2147483647;
			files = (
			);
			runOnlyForDeploymentPostprocessing = 0;
		};
		DA8581161E4134570055134E /* Resources */ = {
			isa = PBXResourcesBuildPhase;
			buildActionMask = 2147483647;
			files = (
			);
			runOnlyForDeploymentPostprocessing = 0;
		};
/* End PBXResourcesBuildPhase section */

/* Begin PBXShellScriptBuildPhase section */
		017D3C3BF517B40CE0DCD9ED /* [CP] Copy Pods Resources */ = {
			isa = PBXShellScriptBuildPhase;
			buildActionMask = 2147483647;
			files = (
			);
			inputPaths = (
			);
			name = "[CP] Copy Pods Resources";
			outputPaths = (
			);
			runOnlyForDeploymentPostprocessing = 0;
			shellPath = /bin/sh;
			shellScript = "\"${SRCROOT}/Pods/Target Support Files/Pods-MyCompanion/Pods-MyCompanion-resources.sh\"\n";
			showEnvVarsInLog = 0;
		};
		4C8B50071E38781A243DA693 /* [CP] Copy Pods Resources */ = {
			isa = PBXShellScriptBuildPhase;
			buildActionMask = 2147483647;
			files = (
			);
			inputPaths = (
			);
			name = "[CP] Copy Pods Resources";
			outputPaths = (
			);
			runOnlyForDeploymentPostprocessing = 0;
			shellPath = /bin/sh;
			shellScript = "\"${SRCROOT}/Pods/Target Support Files/Pods-MyCompanionUITests/Pods-MyCompanionUITests-resources.sh\"\n";
			showEnvVarsInLog = 0;
		};
		600F0C7D66FD73BAC6A7266E /* [CP] Check Pods Manifest.lock */ = {
			isa = PBXShellScriptBuildPhase;
			buildActionMask = 2147483647;
			files = (
			);
			inputPaths = (
			);
			name = "[CP] Check Pods Manifest.lock";
			outputPaths = (
			);
			runOnlyForDeploymentPostprocessing = 0;
			shellPath = /bin/sh;
			shellScript = "diff \"${PODS_ROOT}/../Podfile.lock\" \"${PODS_ROOT}/Manifest.lock\" > /dev/null\nif [ $? != 0 ] ; then\n    # print error to STDERR\n    echo \"error: The sandbox is not in sync with the Podfile.lock. Run 'pod install' or update your CocoaPods installation.\" >&2\n    exit 1\nfi\n";
			showEnvVarsInLog = 0;
		};
		6580F0A04C745099E00E8975 /* [CP] Check Pods Manifest.lock */ = {
			isa = PBXShellScriptBuildPhase;
			buildActionMask = 2147483647;
			files = (
			);
			inputPaths = (
			);
			name = "[CP] Check Pods Manifest.lock";
			outputPaths = (
			);
			runOnlyForDeploymentPostprocessing = 0;
			shellPath = /bin/sh;
			shellScript = "diff \"${PODS_ROOT}/../Podfile.lock\" \"${PODS_ROOT}/Manifest.lock\" > /dev/null\nif [ $? != 0 ] ; then\n    # print error to STDERR\n    echo \"error: The sandbox is not in sync with the Podfile.lock. Run 'pod install' or update your CocoaPods installation.\" >&2\n    exit 1\nfi\n";
			showEnvVarsInLog = 0;
		};
		87E38D8EE8630BA399A7487F /* [CP] Embed Pods Frameworks */ = {
			isa = PBXShellScriptBuildPhase;
			buildActionMask = 2147483647;
			files = (
			);
			inputPaths = (
			);
			name = "[CP] Embed Pods Frameworks";
			outputPaths = (
			);
			runOnlyForDeploymentPostprocessing = 0;
			shellPath = /bin/sh;
			shellScript = "\"${SRCROOT}/Pods/Target Support Files/Pods-MyCompanion/Pods-MyCompanion-frameworks.sh\"\n";
			showEnvVarsInLog = 0;
		};
		8B2DC47B0B1863072719129F /* [CP] Check Pods Manifest.lock */ = {
			isa = PBXShellScriptBuildPhase;
			buildActionMask = 2147483647;
			files = (
			);
			inputPaths = (
			);
			name = "[CP] Check Pods Manifest.lock";
			outputPaths = (
			);
			runOnlyForDeploymentPostprocessing = 0;
			shellPath = /bin/sh;
			shellScript = "diff \"${PODS_ROOT}/../Podfile.lock\" \"${PODS_ROOT}/Manifest.lock\" > /dev/null\nif [ $? != 0 ] ; then\n    # print error to STDERR\n    echo \"error: The sandbox is not in sync with the Podfile.lock. Run 'pod install' or update your CocoaPods installation.\" >&2\n    exit 1\nfi\n";
			showEnvVarsInLog = 0;
		};
		A1061E6C0E20FBAB53A8C9DB /* [CP] Embed Pods Frameworks */ = {
			isa = PBXShellScriptBuildPhase;
			buildActionMask = 2147483647;
			files = (
			);
			inputPaths = (
			);
			name = "[CP] Embed Pods Frameworks";
			outputPaths = (
			);
			runOnlyForDeploymentPostprocessing = 0;
			shellPath = /bin/sh;
			shellScript = "\"${SRCROOT}/Pods/Target Support Files/Pods-MyCompanionTests/Pods-MyCompanionTests-frameworks.sh\"\n";
			showEnvVarsInLog = 0;
		};
		B38B4D96A365058D7DF5BD7C /* [CP] Embed Pods Frameworks */ = {
			isa = PBXShellScriptBuildPhase;
			buildActionMask = 2147483647;
			files = (
			);
			inputPaths = (
			);
			name = "[CP] Embed Pods Frameworks";
			outputPaths = (
			);
			runOnlyForDeploymentPostprocessing = 0;
			shellPath = /bin/sh;
			shellScript = "\"${SRCROOT}/Pods/Target Support Files/Pods-MyCompanionUITests/Pods-MyCompanionUITests-frameworks.sh\"\n";
			showEnvVarsInLog = 0;
		};
		FDCAF955B20F0B27D3F60E7B /* [CP] Copy Pods Resources */ = {
			isa = PBXShellScriptBuildPhase;
			buildActionMask = 2147483647;
			files = (
			);
			inputPaths = (
			);
			name = "[CP] Copy Pods Resources";
			outputPaths = (
			);
			runOnlyForDeploymentPostprocessing = 0;
			shellPath = /bin/sh;
			shellScript = "\"${SRCROOT}/Pods/Target Support Files/Pods-MyCompanionTests/Pods-MyCompanionTests-resources.sh\"\n";
			showEnvVarsInLog = 0;
		};
/* End PBXShellScriptBuildPhase section */

/* Begin PBXSourcesBuildPhase section */
		DA8580F21E4134560055134E /* Sources */ = {
			isa = PBXSourcesBuildPhase;
			buildActionMask = 2147483647;
			files = (
				DA2C16861E54CF42001B3D14 /* IntroViewController.swift in Sources */,
				1CA3BE661E5D1C520016B247 /* SettingsTableViewController.swift in Sources */,
				DAE3BB7E1E6C9636009BB9E6 /* MemoryBookTileViewController.swift in Sources */,
				DAE3BB7C1E6C93D7009BB9E6 /* ReminderTileViewController.swift in Sources */,
				DA8580FC1E4134570055134E /* ViewController.swift in Sources */,
				1C1615981E5A6E14009A3137 /* PasscodeViewController.swift in Sources */,
				DA8581021E4134570055134E /* MyCompanion.xcdatamodeld in Sources */,
				DAE225951E523E3900A3D1C8 /* ContactsTableViewCell.swift in Sources */,
				DAFA46B41E524AB000285267 /* ContactTileViewController.swift in Sources */,
				1C16159A1E5A7E0B009A3137 /* CheckPasscodeViewController.swift in Sources */,
				DAE225931E523C0F00A3D1C8 /* ContactsTableViewController.swift in Sources */,
				DA85812B1E41357B0055134E /* TodayViewController.swift in Sources */,
				DA8580FA1E4134570055134E /* AppDelegate.swift in Sources */,
				DAE225971E5240B600A3D1C8 /* Contact.swift in Sources */,
				DA761C8A1E5CA42300B3679A /* CaregiverTileViewController.swift in Sources */,
			);
			runOnlyForDeploymentPostprocessing = 0;
		};
		DA8581091E4134570055134E /* Sources */ = {
			isa = PBXSourcesBuildPhase;
			buildActionMask = 2147483647;
			files = (
				DA8581121E4134570055134E /* MyCompanionTests.swift in Sources */,
			);
			runOnlyForDeploymentPostprocessing = 0;
		};
		DA8581141E4134570055134E /* Sources */ = {
			isa = PBXSourcesBuildPhase;
			buildActionMask = 2147483647;
			files = (
				DA85811D1E4134570055134E /* MyCompanionUITests.swift in Sources */,
			);
			runOnlyForDeploymentPostprocessing = 0;
		};
/* End PBXSourcesBuildPhase section */

/* Begin PBXTargetDependency section */
		DA85810F1E4134570055134E /* PBXTargetDependency */ = {
			isa = PBXTargetDependency;
			target = DA8580F51E4134560055134E /* MyCompanion */;
			targetProxy = DA85810E1E4134570055134E /* PBXContainerItemProxy */;
		};
		DA85811A1E4134570055134E /* PBXTargetDependency */ = {
			isa = PBXTargetDependency;
			target = DA8580F51E4134560055134E /* MyCompanion */;
			targetProxy = DA8581191E4134570055134E /* PBXContainerItemProxy */;
		};
/* End PBXTargetDependency section */

/* Begin PBXVariantGroup section */
		DA8580FD1E4134570055134E /* Main.storyboard */ = {
			isa = PBXVariantGroup;
			children = (
				DA8580FE1E4134570055134E /* Base */,
			);
			name = Main.storyboard;
			sourceTree = "<group>";
		};
		DA8581051E4134570055134E /* LaunchScreen.storyboard */ = {
			isa = PBXVariantGroup;
			children = (
				DA8581061E4134570055134E /* Base */,
			);
			name = LaunchScreen.storyboard;
			sourceTree = "<group>";
		};
/* End PBXVariantGroup section */

/* Begin XCBuildConfiguration section */
		DA85811F1E4134570055134E /* Debug */ = {
			isa = XCBuildConfiguration;
			buildSettings = {
				ALWAYS_SEARCH_USER_PATHS = NO;
				CLANG_ANALYZER_NONNULL = YES;
				CLANG_CXX_LANGUAGE_STANDARD = "gnu++0x";
				CLANG_CXX_LIBRARY = "libc++";
				CLANG_ENABLE_MODULES = YES;
				CLANG_ENABLE_OBJC_ARC = YES;
				CLANG_WARN_BOOL_CONVERSION = YES;
				CLANG_WARN_CONSTANT_CONVERSION = YES;
				CLANG_WARN_DIRECT_OBJC_ISA_USAGE = YES_ERROR;
				CLANG_WARN_DOCUMENTATION_COMMENTS = YES;
				CLANG_WARN_EMPTY_BODY = YES;
				CLANG_WARN_ENUM_CONVERSION = YES;
				CLANG_WARN_INFINITE_RECURSION = YES;
				CLANG_WARN_INT_CONVERSION = YES;
				CLANG_WARN_OBJC_ROOT_CLASS = YES_ERROR;
				CLANG_WARN_SUSPICIOUS_MOVE = YES;
				CLANG_WARN_UNREACHABLE_CODE = YES;
				CLANG_WARN__DUPLICATE_METHOD_MATCH = YES;
				"CODE_SIGN_IDENTITY[sdk=iphoneos*]" = "iPhone Developer";
				COPY_PHASE_STRIP = NO;
				DEBUG_INFORMATION_FORMAT = dwarf;
				ENABLE_STRICT_OBJC_MSGSEND = YES;
				ENABLE_TESTABILITY = YES;
				GCC_C_LANGUAGE_STANDARD = gnu99;
				GCC_DYNAMIC_NO_PIC = NO;
				GCC_NO_COMMON_BLOCKS = YES;
				GCC_OPTIMIZATION_LEVEL = 0;
				GCC_PREPROCESSOR_DEFINITIONS = (
					"DEBUG=1",
					"$(inherited)",
				);
				GCC_WARN_64_TO_32_BIT_CONVERSION = YES;
				GCC_WARN_ABOUT_RETURN_TYPE = YES_ERROR;
				GCC_WARN_UNDECLARED_SELECTOR = YES;
				GCC_WARN_UNINITIALIZED_AUTOS = YES_AGGRESSIVE;
				GCC_WARN_UNUSED_FUNCTION = YES;
				GCC_WARN_UNUSED_VARIABLE = YES;
				IPHONEOS_DEPLOYMENT_TARGET = 10.2;
				MTL_ENABLE_DEBUG_INFO = YES;
				ONLY_ACTIVE_ARCH = YES;
				SDKROOT = iphoneos;
				SWIFT_ACTIVE_COMPILATION_CONDITIONS = DEBUG;
				SWIFT_OPTIMIZATION_LEVEL = "-Onone";
				TARGETED_DEVICE_FAMILY = "1,2";
			};
			name = Debug;
		};
		DA8581201E4134570055134E /* Release */ = {
			isa = XCBuildConfiguration;
			buildSettings = {
				ALWAYS_SEARCH_USER_PATHS = NO;
				CLANG_ANALYZER_NONNULL = YES;
				CLANG_CXX_LANGUAGE_STANDARD = "gnu++0x";
				CLANG_CXX_LIBRARY = "libc++";
				CLANG_ENABLE_MODULES = YES;
				CLANG_ENABLE_OBJC_ARC = YES;
				CLANG_WARN_BOOL_CONVERSION = YES;
				CLANG_WARN_CONSTANT_CONVERSION = YES;
				CLANG_WARN_DIRECT_OBJC_ISA_USAGE = YES_ERROR;
				CLANG_WARN_DOCUMENTATION_COMMENTS = YES;
				CLANG_WARN_EMPTY_BODY = YES;
				CLANG_WARN_ENUM_CONVERSION = YES;
				CLANG_WARN_INFINITE_RECURSION = YES;
				CLANG_WARN_INT_CONVERSION = YES;
				CLANG_WARN_OBJC_ROOT_CLASS = YES_ERROR;
				CLANG_WARN_SUSPICIOUS_MOVE = YES;
				CLANG_WARN_UNREACHABLE_CODE = YES;
				CLANG_WARN__DUPLICATE_METHOD_MATCH = YES;
				"CODE_SIGN_IDENTITY[sdk=iphoneos*]" = "iPhone Developer";
				COPY_PHASE_STRIP = NO;
				DEBUG_INFORMATION_FORMAT = "dwarf-with-dsym";
				ENABLE_NS_ASSERTIONS = NO;
				ENABLE_STRICT_OBJC_MSGSEND = YES;
				GCC_C_LANGUAGE_STANDARD = gnu99;
				GCC_NO_COMMON_BLOCKS = YES;
				GCC_WARN_64_TO_32_BIT_CONVERSION = YES;
				GCC_WARN_ABOUT_RETURN_TYPE = YES_ERROR;
				GCC_WARN_UNDECLARED_SELECTOR = YES;
				GCC_WARN_UNINITIALIZED_AUTOS = YES_AGGRESSIVE;
				GCC_WARN_UNUSED_FUNCTION = YES;
				GCC_WARN_UNUSED_VARIABLE = YES;
				IPHONEOS_DEPLOYMENT_TARGET = 10.2;
				MTL_ENABLE_DEBUG_INFO = NO;
				SDKROOT = iphoneos;
				SWIFT_OPTIMIZATION_LEVEL = "-Owholemodule";
				TARGETED_DEVICE_FAMILY = "1,2";
				VALIDATE_PRODUCT = YES;
			};
			name = Release;
		};
		DA8581221E4134570055134E /* Debug */ = {
			isa = XCBuildConfiguration;
			baseConfigurationReference = E2BED68DEEFE8761AF8FD18E /* Pods-MyCompanion.debug.xcconfig */;
			buildSettings = {
				ASSETCATALOG_COMPILER_APPICON_NAME = AppIcon;
				DEVELOPMENT_TEAM = N8H54VZ747;
				INFOPLIST_FILE = MyCompanion/Info.plist;
				LD_RUNPATH_SEARCH_PATHS = "$(inherited) @executable_path/Frameworks";
				PRODUCT_BUNDLE_IDENTIFIER = EECS395.MyCompanion;
				PRODUCT_NAME = "$(TARGET_NAME)";
				SWIFT_VERSION = 3.0;
			};
			name = Debug;
		};
		DA8581231E4134570055134E /* Release */ = {
			isa = XCBuildConfiguration;
			baseConfigurationReference = 6FB3639B2469D22A6B618391 /* Pods-MyCompanion.release.xcconfig */;
			buildSettings = {
				ASSETCATALOG_COMPILER_APPICON_NAME = AppIcon;
				DEVELOPMENT_TEAM = N8H54VZ747;
				INFOPLIST_FILE = MyCompanion/Info.plist;
				LD_RUNPATH_SEARCH_PATHS = "$(inherited) @executable_path/Frameworks";
				PRODUCT_BUNDLE_IDENTIFIER = EECS395.MyCompanion;
				PRODUCT_NAME = "$(TARGET_NAME)";
				SWIFT_VERSION = 3.0;
			};
			name = Release;
		};
		DA8581251E4134570055134E /* Debug */ = {
			isa = XCBuildConfiguration;
			baseConfigurationReference = BBE46EBB316E3847D61C703C /* Pods-MyCompanionTests.debug.xcconfig */;
			buildSettings = {
				ALWAYS_EMBED_SWIFT_STANDARD_LIBRARIES = YES;
				BUNDLE_LOADER = "$(TEST_HOST)";
				DEVELOPMENT_TEAM = N8H54VZ747;
				INFOPLIST_FILE = MyCompanionTests/Info.plist;
				LD_RUNPATH_SEARCH_PATHS = "$(inherited) @executable_path/Frameworks @loader_path/Frameworks";
				PRODUCT_BUNDLE_IDENTIFIER = EECS395.MyCompanionTests;
				PRODUCT_NAME = "$(TARGET_NAME)";
				SWIFT_VERSION = 3.0;
				TEST_HOST = "$(BUILT_PRODUCTS_DIR)/MyCompanion.app/MyCompanion";
			};
			name = Debug;
		};
		DA8581261E4134570055134E /* Release */ = {
			isa = XCBuildConfiguration;
			baseConfigurationReference = D59AD62633D366BD4EBD02DE /* Pods-MyCompanionTests.release.xcconfig */;
			buildSettings = {
				ALWAYS_EMBED_SWIFT_STANDARD_LIBRARIES = YES;
				BUNDLE_LOADER = "$(TEST_HOST)";
				DEVELOPMENT_TEAM = N8H54VZ747;
				INFOPLIST_FILE = MyCompanionTests/Info.plist;
				LD_RUNPATH_SEARCH_PATHS = "$(inherited) @executable_path/Frameworks @loader_path/Frameworks";
				PRODUCT_BUNDLE_IDENTIFIER = EECS395.MyCompanionTests;
				PRODUCT_NAME = "$(TARGET_NAME)";
				SWIFT_VERSION = 3.0;
				TEST_HOST = "$(BUILT_PRODUCTS_DIR)/MyCompanion.app/MyCompanion";
			};
			name = Release;
		};
		DA8581281E4134570055134E /* Debug */ = {
			isa = XCBuildConfiguration;
			baseConfigurationReference = A8E3E0E7B6E725926DEA81C2 /* Pods-MyCompanionUITests.debug.xcconfig */;
			buildSettings = {
				ALWAYS_EMBED_SWIFT_STANDARD_LIBRARIES = YES;
				DEVELOPMENT_TEAM = N8H54VZ747;
				INFOPLIST_FILE = MyCompanionUITests/Info.plist;
				LD_RUNPATH_SEARCH_PATHS = "$(inherited) @executable_path/Frameworks @loader_path/Frameworks";
				PRODUCT_BUNDLE_IDENTIFIER = EECS395.MyCompanionUITests;
				PRODUCT_NAME = "$(TARGET_NAME)";
				SWIFT_VERSION = 3.0;
				TEST_TARGET_NAME = MyCompanion;
			};
			name = Debug;
		};
		DA8581291E4134570055134E /* Release */ = {
			isa = XCBuildConfiguration;
			baseConfigurationReference = 2B7A28B926C4AC51AF438EA7 /* Pods-MyCompanionUITests.release.xcconfig */;
			buildSettings = {
				ALWAYS_EMBED_SWIFT_STANDARD_LIBRARIES = YES;
				DEVELOPMENT_TEAM = N8H54VZ747;
				INFOPLIST_FILE = MyCompanionUITests/Info.plist;
				LD_RUNPATH_SEARCH_PATHS = "$(inherited) @executable_path/Frameworks @loader_path/Frameworks";
				PRODUCT_BUNDLE_IDENTIFIER = EECS395.MyCompanionUITests;
				PRODUCT_NAME = "$(TARGET_NAME)";
				SWIFT_VERSION = 3.0;
				TEST_TARGET_NAME = MyCompanion;
			};
			name = Release;
		};
/* End XCBuildConfiguration section */

/* Begin XCConfigurationList section */
		DA8580F11E4134560055134E /* Build configuration list for PBXProject "MyCompanion" */ = {
			isa = XCConfigurationList;
			buildConfigurations = (
				DA85811F1E4134570055134E /* Debug */,
				DA8581201E4134570055134E /* Release */,
			);
			defaultConfigurationIsVisible = 0;
			defaultConfigurationName = Release;
		};
		DA8581211E4134570055134E /* Build configuration list for PBXNativeTarget "MyCompanion" */ = {
			isa = XCConfigurationList;
			buildConfigurations = (
				DA8581221E4134570055134E /* Debug */,
				DA8581231E4134570055134E /* Release */,
			);
			defaultConfigurationIsVisible = 0;
			defaultConfigurationName = Release;
		};
		DA8581241E4134570055134E /* Build configuration list for PBXNativeTarget "MyCompanionTests" */ = {
			isa = XCConfigurationList;
			buildConfigurations = (
				DA8581251E4134570055134E /* Debug */,
				DA8581261E4134570055134E /* Release */,
			);
			defaultConfigurationIsVisible = 0;
			defaultConfigurationName = Release;
		};
		DA8581271E4134570055134E /* Build configuration list for PBXNativeTarget "MyCompanionUITests" */ = {
			isa = XCConfigurationList;
			buildConfigurations = (
				DA8581281E4134570055134E /* Debug */,
				DA8581291E4134570055134E /* Release */,
			);
			defaultConfigurationIsVisible = 0;
			defaultConfigurationName = Release;
		};
/* End XCConfigurationList section */

/* Begin XCVersionGroup section */
		DA8581001E4134570055134E /* MyCompanion.xcdatamodeld */ = {
			isa = XCVersionGroup;
			children = (
				DA8581011E4134570055134E /* MyCompanion.xcdatamodel */,
			);
			currentVersion = DA8581011E4134570055134E /* MyCompanion.xcdatamodel */;
			path = MyCompanion.xcdatamodeld;
			sourceTree = "<group>";
			versionGroupType = wrapper.xcdatamodel;
		};
/* End XCVersionGroup section */
	};
	rootObject = DA8580EE1E4134560055134E /* Project object */;
}
